github.com/voilelab/toolgui v0.12.0 h1:V3VJwRTH4hf2x39Gn5eRJ1Fzrj0AhAvNO4lrnwCUpS8=
github.com/voilelab/toolgui v0.12.0/go.mod h1:42CSZEFDmWaywyvRcRoX8ZhpcHZqTwGEVUvDt4g+yM0=
golang.org/x/net v0.58.0 h1:ynWG7rqYi4ccpTEuPZ2QGWHktVEM9DMCj9yzDE0Q7To=
golang.org/x/net v0.58.0/go.mod h1:YwCddHnFlT7eLQqVprV19OnhLGtc5xOKgE0RyqgfWAU=
