github.com/voilelab/toolgui v0.14.0 h1:yV8Li73N7HmNiMmZcQLArXzXJTdJ2ut+H2n11/o3MqI=
github.com/voilelab/toolgui v0.14.0/go.mod h1:e93gfQHG/n/o8X58i8L8QjwpMKSMB9BTXXi5lK7gE3Y=
github.com/voilelab/toolgui v0.15.0 h1:Nvv40ATXERlc9VZOAmhCM6XD+GozxMBB5lZOMh8SVjw=
github.com/voilelab/toolgui v0.15.0/go.mod h1:e93gfQHG/n/o8X58i8L8QjwpMKSMB9BTXXi5lK7gE3Y=
golang.org/x/net v0.60.0 h1:79p50tfZlm0J9YfoDsSi639qSXNGVwEzOPLCxM2FsYU=
golang.org/x/net v0.60.0/go.mod h1:2DA/G1UfVbCpQPeWTmMPGY7Cs2PkBkwu743bVX5PIVg=
gopkg.in/check.v1 v0.0.0-20161208181325-20d25e280405 h1:yhCVgyC4o1eVCa2tZl7eS0r+SDo693bJlVdllGtEeKM=
gopkg.in/check.v1 v0.0.0-20161208181325-20d25e280405/go.mod h1:Co6ibVJAznAaIkqp8huTwlJQCZ016jof/cbN4VW5Yz0=
gopkg.in/yaml.v3 v3.0.1 h1:fxVm/GzAzEWqLHuvctI91KS9hhNmmWOoWu0XTYJS7CA=
gopkg.in/yaml.v3 v3.0.1/go.mod h1:K4uyk7z7BCEPqu6E+C64Yfv1cQ7kz7rIZviUmN+EgEM=
